NeoBundleLock CoqIDE 9a4a260ad293124d0898450c61568f56f1ba3e1c
NeoBundleLock FastFold 664c576930114cda993c88eb493285e2464eb83f
NeoBundleLock accelerated-smooth-scroll 04944ea4831f5d31f776cb8cd627601ddb567fc2
NeoBundleLock ag.vim 4a0dd6e190f446e5a016b44fdaa2feafc582918e
NeoBundleLock camelcasemotion 8db17bdee3f42bd71839ead2a84b2ee1916e45c2
NeoBundleLock coq.vim 9002604f33630069d53a1b83616014bd61374280
NeoBundleLock ghcmod-vim 1d192d13d68ab59f9f46497a0909bf24a7b7dfff
NeoBundleLock neco-ghc 7f02a9c25fb272a87d2be092826e2cd3094c620d
NeoBundleLock neobundle.vim 3726aa1f9fc710c316cd71447cf1c33853026853
NeoBundleLock neocomplete 38f6f183edc665b8c9f52dd1546dae2c4cc7e29c
NeoBundleLock neosnippet b9e80738b958d0aea61f3137e73967ca318d2627
NeoBundleLock neosnippet-snippets 34dec3c984bcae52a871d6d0954030cb23802305
NeoBundleLock nerdtree 2e2b649232d6ae4d02d74793e5da0ee08480ad8d
NeoBundleLock nerdtree-ag 1f9175a2d9daaa1118f0d05a9e4308ba82620cf0
NeoBundleLock nyancat-vim 6454a2765e31db8099f6ba665eb2d2aa23ea357d
NeoBundleLock open-browser.vim a3d9bba498c610a2bb1029fd51a3ac3b6b144147
NeoBundleLock prolog.vim 280a5ec5d219900042585a862e5fab0c44dcd733
NeoBundleLock sudo.vim 060f0250d6f399d1cf9b15eaad3d55b3fbad4b0d
NeoBundleLock surround.vim 324a8735bb82193a1a413e207dc1aaf60f3a1d82
NeoBundleLock tsuquyomi 13efb824a8312bffe5d7289098419ef7e75564ff
NeoBundleLock typescript-vim 7e25a901af7cd993498cc9ecfc833ca2ac21db7a
NeoBundleLock unite-outline 1950ac514ba20409fd517c52a7102526ad8e16af
NeoBundleLock unite.vim 9696ff5c8c74a328ee7e02b512e0718fc08bf080
NeoBundleLock vim-alignta cb3d593c48d7d3aef829b5aff49ddade24417a9f
NeoBundleLock vim-easymotion 5c6f3cd9a713491e6b32752a05c45198aa91540a
NeoBundleLock vim-indent-guides 5d8622124100ab1f7c28391f56542d22b9aeda60
NeoBundleLock vim-markdown 3af074f925c8e72c2970da0d4d490b30cc4cf45a
NeoBundleLock vim-quickrun 5149ecd1502b7fc2583cb8799ac1a0c72c41f828
NeoBundleLock vim-stylus 3a7d7f8bfd3996a6da7f188cb9a012a8c0d6ca20
NeoBundleLock vim-swift 1dbed3e3909ac1e5be7f45b7776e97bcf723e7e3
NeoBundleLock vim2hs f2afd55704bfe0a2d66e6b270d247e9b8a7b1664
NeoBundleLock vimproc.vim 25cb83f24edec4aec1e9f1329302235e7a7a7fe0
